<?xml version="1.0" encoding="utf-8"?>
<Project ToolsVersion="4.0" xmlns="http://schemas.microsoft.com/developer/msbuild/2003">
  <ItemGroup>
    <ClCompile Include="main.cpp" />
    <ClCompile Include="randGen.cpp" />
    <ClCompile Include="Game.cpp" />
    <ClCompile Include="Units\Units.cpp" />
  </ItemGroup>
  <ItemGroup>
    <ClInclude Include="DataStructures\ArrayStack.h" />
    <ClInclude Include="DataStructures\Deque.h" />
    <ClInclude Include="DataStructures\dequeNode.h" />
    <ClInclude Include="DataStructures\LinkedQueue.h" />
    <ClInclude Include="DataStructures\Node.h" />
    <ClInclude Include="DataStructures\priNode.h" />
    <ClInclude Include="DataStructures\priQueue.h" />
    <ClInclude Include="DataStructures\QueueADT.h" />
    <ClInclude Include="DataStructures\StackADT.h" />
    <ClInclude Include="Units\AlienDrone.h" />
    <ClInclude Include="Units\AlienMonster.h" />
    <ClInclude Include="Units\AlienSoldier.h" />
    <ClInclude Include="Units\EarthArmy.h" />
    <ClInclude Include="Units\AlienArmy.h" />
    <ClInclude Include="Units\EarthGunners.h" />
    <ClInclude Include="Units\EarthTanks.h" />
    <ClInclude Include="Units\EarthSoldier.h" />
    <ClInclude Include="Units\Units.h" />
    <ClInclude Include="randGen.h" />
    <ClInclude Include="Game.h" />
  </ItemGroup>
</Project>